
Microsoft Visual Studio Solution File, Format Version 12.00
# Visual Studio 15
VisualStudioVersion = 15.0.28307.1321
MinimumVisualStudioVersion = 10.0.40219.1
Project("{FAE04EC0-301F-11D3-BF4B-00C04F79EFBC}") = "EncryptionCore", "EncryptionCore\EncryptionCore.csproj", "{31970D15-3731-4FC3-ACA2-0A68A64EA8C5}"
EndProject
Project("{FAE04EC0-301F-11D3-BF4B-00C04F79EFBC}") = "Encryption", "Encryption\Encryption.csproj", "{BCA15C08-D70B-471E-B553-90704B0E0414}"
EndProject
Project("{2150E333-8FDC-42A3-9474-1A3956D46DE8}") = "UnitTests", "UnitTests", "{9E31D59B-2C37-44D0-B701-46527A4A66F4}"
EndProject
Project("{FAE04EC0-301F-11D3-BF4B-00C04F79EFBC}") = "UnitTestTools", "UnitTests\UnitTestTools\UnitTestTools.csproj", "{05E9939F-EF26-46FC-BCFD-5A804C19BBA4}"
EndProject
Project("{FAE04EC0-301F-11D3-BF4B-00C04F79EFBC}") = "AesEncryptionUnitTests", "UnitTests\AesEncryptionUnitTests\AesEncryptionUnitTests.csproj", "{32023AD9-A998-4756-AD3C-C3A9E78DB7D6}"
EndProject
Project("{FAE04EC0-301F-11D3-BF4B-00C04F79EFBC}") = "RsaEncryptionUnitTests", "UnitTests\RsaEncryptionUnitTests\RsaEncryptionUnitTests.csproj", "{6194CE2A-6A4A-4FA7-9691-A7E4F30BACF2}"
EndProject
Project("{FAE04EC0-301F-11D3-BF4B-00C04F79EFBC}") = "RsaAesEncryptionUnitTests", "UnitTests\RsaAesEncryptionUnitTests\RsaAesEncryptionUnitTests.csproj", "{6923000F-FA55-4052-9CA7-BAB9291397DD}"
EndProject
Global
	GlobalSection(SolutionConfigurationPlatforms) = preSolution
		Debug|Any CPU = Debug|Any CPU
		Release|Any CPU = Release|Any CPU
	EndGlobalSection
	GlobalSection(ProjectConfigurationPlatforms) = postSolution
		{31970D15-3731-4FC3-ACA2-0A68A64EA8C5}.Debug|Any CPU.ActiveCfg = Debug|Any CPU
		{31970D15-3731-4FC3-ACA2-0A68A64EA8C5}.Debug|Any CPU.Build.0 = Debug|Any CPU
		{31970D15-3731-4FC3-ACA2-0A68A64EA8C5}.Release|Any CPU.ActiveCfg = Release|Any CPU
		{31970D15-3731-4FC3-ACA2-0A68A64EA8C5}.Release|Any CPU.Build.0 = Release|Any CPU
		{BCA15C08-D70B-471E-B553-90704B0E0414}.Debug|Any CPU.ActiveCfg = Debug|Any CPU
		{BCA15C08-D70B-471E-B553-90704B0E0414}.Debug|Any CPU.Build.0 = Debug|Any CPU
		{BCA15C08-D70B-471E-B553-90704B0E0414}.Release|Any CPU.ActiveCfg = Release|Any CPU
		{BCA15C08-D70B-471E-B553-90704B0E0414}.Release|Any CPU.Build.0 = Release|Any CPU
		{05E9939F-EF26-46FC-BCFD-5A804C19BBA4}.Debug|Any CPU.ActiveCfg = Debug|Any CPU
		{05E9939F-EF26-46FC-BCFD-5A804C19BBA4}.Debug|Any CPU.Build.0 = Debug|Any CPU
		{05E9939F-EF26-46FC-BCFD-5A804C19BBA4}.Release|Any CPU.ActiveCfg = Release|Any CPU
		{05E9939F-EF26-46FC-BCFD-5A804C19BBA4}.Release|Any CPU.Build.0 = Release|Any CPU
		{32023AD9-A998-4756-AD3C-C3A9E78DB7D6}.Debug|Any CPU.ActiveCfg = Debug|Any CPU
		{32023AD9-A998-4756-AD3C-C3A9E78DB7D6}.Debug|Any CPU.Build.0 = Debug|Any CPU
		{32023AD9-A998-4756-AD3C-C3A9E78DB7D6}.Release|Any CPU.ActiveCfg = Release|Any CPU
		{32023AD9-A998-4756-AD3C-C3A9E78DB7D6}.Release|Any CPU.Build.0 = Release|Any CPU
		{6194CE2A-6A4A-4FA7-9691-A7E4F30BACF2}.Debug|Any CPU.ActiveCfg = Debug|Any CPU
		{6194CE2A-6A4A-4FA7-9691-A7E4F30BACF2}.Debug|Any CPU.Build.0 = Debug|Any CPU
		{6194CE2A-6A4A-4FA7-9691-A7E4F30BACF2}.Release|Any CPU.ActiveCfg = Release|Any CPU
		{6194CE2A-6A4A-4FA7-9691-A7E4F30BACF2}.Release|Any CPU.Build.0 = Release|Any CPU
		{6923000F-FA55-4052-9CA7-BAB9291397DD}.Debug|Any CPU.ActiveCfg = Debug|Any CPU
		{6923000F-FA55-4052-9CA7-BAB9291397DD}.Debug|Any CPU.Build.0 = Debug|Any CPU
		{6923000F-FA55-4052-9CA7-BAB9291397DD}.Release|Any CPU.ActiveCfg = Release|Any CPU
		{6923000F-FA55-4052-9CA7-BAB9291397DD}.Release|Any CPU.Build.0 = Release|Any CPU
	EndGlobalSection
	GlobalSection(SolutionProperties) = preSolution
		HideSolutionNode = FALSE
	EndGlobalSection
	GlobalSection(NestedProjects) = preSolution
		{05E9939F-EF26-46FC-BCFD-5A804C19BBA4} = {9E31D59B-2C37-44D0-B701-46527A4A66F4}
		{32023AD9-A998-4756-AD3C-C3A9E78DB7D6} = {9E31D59B-2C37-44D0-B701-46527A4A66F4}
		{6194CE2A-6A4A-4FA7-9691-A7E4F30BACF2} = {9E31D59B-2C37-44D0-B701-46527A4A66F4}
		{6923000F-FA55-4052-9CA7-BAB9291397DD} = {9E31D59B-2C37-44D0-B701-46527A4A66F4}
	EndGlobalSection
	GlobalSection(ExtensibilityGlobals) = postSolution
		SolutionGuid = {DF43925A-1BC3-4DEA-A915-333862F4E3DF}
	EndGlobalSection
EndGlobal
